version = 1
requires-python = ">=3.9"

[[package]]
name = "anyio"
version = "4.8.0"
source = { registry = "https://pypi.org/simple" }
dependencies = [
    { name = "exceptiongroup", marker = "python_full_version < '3.11'" },
    { name = "idna" },
    { name = "sniffio" },
    { name = "typing-extensions", marker = "python_full_version < '3.13'" },
]
sdist = { url = "https://files.pythonhosted.org/packages/a3/73/199a98fc2dae33535d6b8e8e6ec01f8c1d76c9adb096c6b7d64823038cde/anyio-4.8.0.tar.gz", hash = "sha256:1d9fe889df5212298c0c0723fa20479d1b94883a2df44bd3897aa91083316f7a", size = 181126 }
wheels = [
    { url = "https://files.pythonhosted.org/packages/46/eb/e7f063ad1fec6b3178a3cd82d1a3c4de82cccf283fc42746168188e1cdd5/anyio-4.8.0-py3-none-any.whl", hash = "sha256:b5011f270ab5eb0abf13385f851315585cc37ef330dd88e27ec3d34d651fd47a", size = 96041 },
]

[[package]]
name = "click"
version = "8.1.8"
source = { registry = "https://pypi.org/simple" }
dependencies = [
    { name = "colorama", marker = "sys_platform == 'win32'" },
]
sdist = { url = "https://files.pythonhosted.org/packages/b9/2e/0090cbf739cee7d23781ad4b89a9894a41538e4fcf4c31dcdd705b78eb8b/click-8.1.8.tar.gz", hash = "sha256:ed53c9d8990d83c2a27deae68e4ee337473f6330c040a31d4225c9574d16096a", size = 226593 }
wheels = [
    { url = "https://files.pythonhosted.org/packages/7e/d4/7ebdbd03970677812aac39c869717059dbb71a4cfc033ca6e5221787892c/click-8.1.8-py3-none-any.whl", hash = "sha256:63c132bbbed01578a06712a2d1f497bb62d9c1c0d329b7903a866228027263b2", size = 98188 },
]

[[package]]
name = "colorama"
version = "0.4.6"
source = { registry = "https://pypi.org/simple" }
sdist = { url = "https://files.pythonhosted.org/packages/d8/53/6f443c9a4a8358a93a6792e2acffb9d9d5cb0a5cfd8802644b7b1c9a02e4/colorama-0.4.6.tar.gz", hash = "sha256:08695f5cb7ed6e0531a20572697297273c47b8cae5a63ffc6d6ed5c201be6e44", size = 27697 }
wheels = [
    { url = "https://files.pythonhosted.org/packages/d1/d6/3965ed04c63042e047cb6a3e6ed1a63a35087b6a609aa3a15ed8ac56c221/colorama-0.4.6-py2.py3-none-any.whl", hash = "sha256:4f1d9991f5acc0ca119f9d443620b77f9d6b33703e51011c16baf57afb285fc6", size = 25335 },
]

[[package]]
name = "exceptiongroup"
version = "1.2.2"
source = { registry = "https://pypi.org/simple" }
sdist = { url = "https://files.pythonhosted.org/packages/09/35/2495c4ac46b980e4ca1f6ad6db102322ef3ad2410b79fdde159a4b0f3b92/exceptiongroup-1.2.2.tar.gz", hash = "sha256:47c2edf7c6738fafb49fd34290706d1a1a2f4d1c6df275526b62cbb4aa5393cc", size = 28883 }
wheels = [
    { url = "https://files.pythonhosted.org/packages/02/cc/b7e31358aac6ed1ef2bb790a9746ac2c69bcb3c8588b41616914eb106eaf/exceptiongroup-1.2.2-py3-none-any.whl", hash = "sha256:3111b9d131c238bec2f8f516e123e14ba243563fb135d3fe885990585aa7795b", size = 16453 },
]

[[package]]
name = "fastapi"
version = "0.95.2"
source = { registry = "https://pypi.org/simple" }
dependencies = [
    { name = "pydantic" },
    { name = "starlette" },
]
sdist = { url = "https://files.pythonhosted.org/packages/75/e1/976b2e281bdfb0b6690b5d3c2d932d309729e49305ef5449be381e0672a3/fastapi-0.95.2.tar.gz", hash = "sha256:4d9d3e8c71c73f11874bcf5e33626258d143252e329a01002f767306c64fb982", size = 10298529 }
wheels = [
    { url = "https://files.pythonhosted.org/packages/4e/1a/04887c641b67e6649bde845b9a631f73a7abfbe3afda83957e09b95d88eb/fastapi-0.95.2-py3-none-any.whl", hash = "sha256:d374dbc4ef2ad9b803899bd3360d34c534adc574546e25314ab72c0c4411749f", size = 56971 },
]

[[package]]
name = "h11"
version = "0.14.0"
source = { registry = "https://pypi.org/simple" }
sdist = { url = "https://files.pythonhosted.org/packages/f5/38/3af3d3633a34a3316095b39c8e8fb4853a28a536e55d347bd8d8e9a14b03/h11-0.14.0.tar.gz", hash = "sha256:8f19fbbe99e72420ff35c00b27a34cb9937e902a8b810e2c88300c6f0a3b699d", size = 100418 }
wheels = [
    { url = "https://files.pythonhosted.org/packages/95/04/ff642e65ad6b90db43e668d70ffb6736436c7ce41fcc549f4e9472234127/h11-0.14.0-py3-none-any.whl", hash = "sha256:e3fe4ac4b851c468cc8363d500db52c2ead036020723024a109d37346efaa761", size = 58259 },
]

[[package]]
name = "idna"
version = "3.10"
source = { registry = "https://pypi.org/simple" }
sdist = { url = "https://files.pythonhosted.org/packages/f1/70/7703c29685631f5a7590aa73f1f1d3fa9a380e654b86af429e0934a32f7d/idna-3.10.tar.gz", hash = "sha256:12f65c9b470abda6dc35cf8e63cc574b1c52b11df2c86030af0ac09b01b13ea9", size = 190490 }
wheels = [
    { url = "https://files.pythonhosted.org/packages/76/c6/c88e154df9c4e1a2a66ccf0005a88dfb2650c1dffb6f5ce603dfbd452ce3/idna-3.10-py3-none-any.whl", hash = "sha256:946d195a0d259cbba61165e88e65941f16e9b36ea6ddb97f00452bae8b1287d3", size = 70442 },
]

[[package]]
name = "pychalk"
version = "2.0.1"
source = { git = "https://github.com/anthonyalmarza/chalk.git?rev=0f562c4#0f562c4ae7e0412f7a47d7b44778979761b380cc" }
dependencies = [
    { name = "six" },
]

[[package]]
name = "pydantic"
version = "1.10.21"
source = { registry = "https://pypi.org/simple" }
dependencies = [
    { name = "typing-extensions" },
]
sdist = { url = "https://files.pythonhosted.org/packages/c3/e9/d99a2c4f8f6d7c711f39f6ecf485b7f3bba66189bbbad505d24eb0106922/pydantic-1.10.21.tar.gz", hash = "sha256:64b48e2b609a6c22178a56c408ee1215a7206077ecb8a193e2fda31858b2362a", size = 356653 }
wheels = [
    { url = "https://files.pythonhosted.org/packages/10/07/d416de2daba8088cb94ccf18c728e74c5194044106e3d0abfd1e80fe2f42/pydantic-1.10.21-cp310-cp310-macosx_10_9_x86_64.whl", hash = "sha256:245e486e0fec53ec2366df9cf1cba36e0bbf066af7cd9c974bbbd9ba10e1e586", size = 2852012 },
    { url = "https://files.pythonhosted.org/packages/16/c3/d18f23da467f7e27b6149e45e631be61c80a71a461bec0935ba72a0e7a11/pydantic-1.10.21-cp310-cp310-macosx_11_0_arm64.whl", hash = "sha256:6c54f8d4c151c1de784c5b93dfbb872067e3414619e10e21e695f7bb84d1d1fd", size = 2585291 },
    { url = "https://files.pythonhosted.org/packages/0c/ea/15356ef7057776b1d930539d28aeca9ab4f750385d6f7ad0732a38275030/pydantic-1.10.21-cp310-cp310-manylinux_2_17_x86_64.manylinux2014_x86_64.whl", hash = "sha256:6b64708009cfabd9c2211295144ff455ec7ceb4c4fb45a07a804309598f36187", size = 3335851 },
    { url = "https://files.pythonhosted.org/packages/ca/0d/cb79ab02376be10057e62075e6b6dfb902b90cf527d42a39521f917af984/pydantic-1.10.21-cp310-cp310-manylinux_2_5_i686.manylinux1_i686.manylinux_2_17_i686.manylinux2014_i686.whl", hash = "sha256:8a148410fa0e971ba333358d11a6dea7b48e063de127c2b09ece9d1c1137dde4", size = 3362493 },
    { url = "https://files.pythonhosted.org/packages/ce/03/184c3df2b7f76fbe627d094e39f806c2ed6f445053ef18221c8092d5b96e/pydantic-1.10.21-cp310-cp310-musllinux_1_2_i686.whl", hash = "sha256:36ceadef055af06e7756eb4b871cdc9e5a27bdc06a45c820cd94b443de019bbf", size = 3520020 },
    { url = "https://files.pythonhosted.org/packages/ec/6b/2230fce10bf4af27705e7013d33d2e02f69c478a5e40a80efd65011b7af8/pydantic-1.10.21-cp310-cp310-musllinux_1_2_x86_64.whl", hash = "sha256:c0501e1d12df6ab1211b8cad52d2f7b2cd81f8e8e776d39aa5e71e2998d0379f", size = 3485291 },
    { url = "https://files.pythonhosted.org/packages/2e/a1/3cf3978c8f9a2449069860703b9d597a6dd0ae7d3e0faacf9775e0b9dc63/pydantic-1.10.21-cp310-cp310-win_amd64.whl", hash = "sha256:c261127c275d7bce50b26b26c7d8427dcb5c4803e840e913f8d9df3f99dca55f", size = 2296751 },
    { url = "https://files.pythonhosted.org/packages/f0/4f/b41e38ff64b6796d17add34c8346f7c63bae5caea3b0cb0f82f39f31de6f/pydantic-1.10.21-cp311-cp311-macosx_10_9_x86_64.whl", hash = "sha256:8b6350b68566bb6b164fb06a3772e878887f3c857c46c0c534788081cb48adf4", size = 2845225 },
    { url = "https://files.pythonhosted.org/packages/37/82/74d99737fb2b8694681c72f44558bed14d546bbe14e3ff29b93285749de8/pydantic-1.10.21-cp311-cp311-macosx_11_0_arm64.whl", hash = "sha256:935b19fdcde236f4fbf691959fa5c3e2b6951fff132964e869e57c70f2ad1ba3", size = 2553041 },
    { url = "https://files.pythonhosted.org/packages/c4/af/754cf630677fa5fcc438a67da8276f615e4c98046bb0095c95b1879151f3/pydantic-1.10.21-cp311-cp311-manylinux_2_17_x86_64.manylinux2014_x86_64.whl", hash = "sha256:2b6a04efdcd25486b27f24c1648d5adc1633ad8b4506d0e96e5367f075ed2e0b", size = 3140462 },
    { url = "https://files.pythonhosted.org/packages/04/80/d7b6655e3fa2ef838ede8646d7474baa27e05f49902b61b1638d5b89ec4f/pydantic-1.10.21-cp311-cp311-manylinux_2_5_i686.manylinux1_i686.manylinux_2_17_i686.manylinux2014_i686.whl", hash = "sha256:c1ba253eb5af8d89864073e6ce8e6c8dec5f49920cff61f38f5c3383e38b1c9f", size = 3213698 },
    { url = "https://files.pythonhosted.org/packages/1f/16/df08e4ce8c7eaa52903a7dd5e80cdcc8d7369f9732415cfa413fc0389a09/pydantic-1.10.21-cp311-cp311-musllinux_1_2_i686.whl", hash = "sha256:57f0101e6c97b411f287a0b7cf5ebc4e5d3b18254bf926f45a11615d29475793", size = 3320976 },
    { url = "https://files.pythonhosted.org/packages/c1/0f/f47794035ffca6d115666c02818f1d905e55dca3e3e470717416a9a6f07d/pydantic-1.10.21-cp311-cp311-musllinux_1_2_x86_64.whl", hash = "sha256:90e85834f0370d737c77a386ce505c21b06bfe7086c1c568b70e15a568d9670d", size = 3243784 },
    { url = "https://files.pythonhosted.org/packages/a7/3f/0ea126c922364f229946f8c49bfab075666cf584ea5b0b54aa3ad089cb85/pydantic-1.10.21-cp311-cp311-win_amd64.whl", hash = "sha256:6a497bc66b3374b7d105763d1d3de76d949287bf28969bff4656206ab8a53aa9", size = 2307305 },
    { url = "https://files.pythonhosted.org/packages/5b/bd/abe17640066750dfcf4103065f9af149ba9868276a7d3936365db16dc546/pydantic-1.10.21-cp312-cp312-macosx_10_13_x86_64.whl", hash = "sha256:2ed4a5f13cf160d64aa331ab9017af81f3481cd9fd0e49f1d707b57fe1b9f3ae", size = 2794486 },
    { url = "https://files.pythonhosted.org/packages/7b/d3/75a00f07e247b615002f9423d426191785850ff1bf947803f21b6bce952b/pydantic-1.10.21-cp312-cp312-macosx_11_0_arm64.whl", hash = "sha256:3b7693bb6ed3fbe250e222f9415abb73111bb09b73ab90d2d4d53f6390e0ccc1", size = 2534033 },
    { url = "https://files.pythonhosted.org/packages/6f/65/1e61f78f6d3f2866bb93aa33260cf43cb650dedb403928394d498c7965dd/pydantic-1.10.21-cp312-cp312-manylinux_2_17_x86_64.manylinux2014_x86_64.whl", hash = "sha256:185d5f1dff1fead51766da9b2de4f3dc3b8fca39e59383c273f34a6ae254e3e2", size = 2993618 },
    { url = "https://files.pythonhosted.org/packages/f1/5c/28994d6b1ce73ed3946f2e08aee0f85d6a7bfc5469f5ea40f90c375a4dd7/pydantic-1.10.21-cp312-cp312-manylinux_2_5_i686.manylinux1_i686.manylinux_2_17_i686.manylinux2014_i686.whl", hash = "sha256:38e6d35cf7cd1727822c79e324fa0677e1a08c88a34f56695101f5ad4d5e20e5", size = 3036401 },
    { url = "https://files.pythonhosted.org/packages/86/6b/ec8348dc64257feef791a8e31121e9e29d6d75731cdb914d9815c0677aa1/pydantic-1.10.21-cp312-cp312-musllinux_1_2_i686.whl", hash = "sha256:1d7c332685eafacb64a1a7645b409a166eb7537f23142d26895746f628a3149b", size = 3171262 },
    { url = "https://files.pythonhosted.org/packages/75/c4/901b81093ef73c93190c83e08acbef3ee2796a8d372bda7e8b57d0e94318/pydantic-1.10.21-cp312-cp312-musllinux_1_2_x86_64.whl", hash = "sha256:2c9b782db6f993a36092480eeaab8ba0609f786041b01f39c7c52252bda6d85f", size = 3123215 },
    { url = "https://files.pythonhosted.org/packages/5d/24/f56cc8bdb460872662199a19f4288cc2609f1911298e25f67a57f7397961/pydantic-1.10.21-cp312-cp312-win_amd64.whl", hash = "sha256:7ce64d23d4e71d9698492479505674c5c5b92cda02b07c91dfc13633b2eef805", size = 2189400 },
    { url = "https://files.pythonhosted.org/packages/d4/79/717dc84083fbddc142efbd2bfe887edaf6b52cfd267b030849d43d7ed89a/pydantic-1.10.21-cp313-cp313-macosx_10_13_x86_64.whl", hash = "sha256:0067935d35044950be781933ab91b9a708eaff124bf860fa2f70aeb1c4be7212", size = 2796872 },
    { url = "https://files.pythonhosted.org/packages/79/88/63aa6efc8583e0a73d6d89e6534afd68917da66433a3b23f70ba229b37dc/pydantic-1.10.21-cp313-cp313-macosx_11_0_arm64.whl", hash = "sha256:5e8148c2ce4894ce7e5a4925d9d3fdce429fb0e821b5a8783573f3611933a251", size = 2538273 },
    { url = "https://files.pythonhosted.org/packages/a5/d5/95b88740f8b9ce1b4884a682235db2f7f9327b071a294cf8b4b67beb37f1/pydantic-1.10.21-cp313-cp313-manylinux_2_17_x86_64.manylinux2014_x86_64.whl", hash = "sha256:a4973232c98b9b44c78b1233693e5e1938add5af18042f031737e1214455f9b8", size = 2985789 },
    { url = "https://files.pythonhosted.org/packages/dc/b3/5ffebe4951c9ab2a76e3644a3154545cdbf74a3465a60299af8978abdcec/pydantic-1.10.21-cp313-cp313-manylinux_2_5_i686.manylinux1_i686.manylinux_2_17_i686.manylinux2014_i686.whl", hash = "sha256:662bf5ce3c9b1cef32a32a2f4debe00d2f4839fefbebe1d6956e681122a9c839", size = 3015261 },
    { url = "https://files.pythonhosted.org/packages/49/fb/9c2da63e3b407b3477276c9992fd4359c57483cb6aa760c0bceeabab1f3c/pydantic-1.10.21-cp313-cp313-musllinux_1_2_i686.whl", hash = "sha256:98737c3ab5a2f8a85f2326eebcd214510f898881a290a7939a45ec294743c875", size = 3163989 },
    { url = "https://files.pythonhosted.org/packages/05/a1/4c84b1ce488acd760e9ecd945b3c0ff6ecf1a26186f5eb058bab62d51d68/pydantic-1.10.21-cp313-cp313-musllinux_1_2_x86_64.whl", hash = "sha256:0bb58bbe65a43483d49f66b6c8474424d551a3fbe8a7796c42da314bac712738", size = 3117257 },
    { url = "https://files.pythonhosted.org/packages/8a/a1/4ff39f2e89bf87496b9dc1aa56085848df971b341b14ad9e02a8bc13c966/pydantic-1.10.21-cp313-cp313-win_amd64.whl", hash = "sha256:e622314542fb48542c09c7bd1ac51d71c5632dd3c92dc82ede6da233f55f4848", size = 2172972 },
    { url = "https://files.pythonhosted.org/packages/e7/4b/8da97d99574c3247a33148ac66583016d1f9d31fa41f925364a424baabf0/pydantic-1.10.21-cp39-cp39-macosx_10_9_x86_64.whl", hash = "sha256:5d387940f0f1a0adb3c44481aa379122d06df8486cc8f652a7b3b0caf08435f7", size = 2854057 },
    { url = "https://files.pythonhosted.org/packages/4d/93/d36b796acbfea44f2f79da3127728405f9a63accadeb49762c6572aba30d/pydantic-1.10.21-cp39-cp39-macosx_11_0_arm64.whl", hash = "sha256:266ecfc384861d7b0b9c214788ddff75a2ea123aa756bcca6b2a1175edeca0fe", size = 2587199 },
    { url = "https://files.pythonhosted.org/packages/b3/b2/0c8d2b058743cd3603fa395d7dceb97148dfbb88d362de02f39426e5a7b9/pydantic-1.10.21-cp39-cp39-manylinux_2_17_x86_64.manylinux2014_x86_64.whl", hash = "sha256:61da798c05a06a362a2f8c5e3ff0341743e2818d0f530eaac0d6898f1b187f1f", size = 3330889 },
    { url = "https://files.pythonhosted.org/packages/ac/af/deef53303cf1fe375c8e3457ffb5f47a205f87a6f20519f8d512dcd48401/pydantic-1.10.21-cp39-cp39-manylinux_2_5_i686.manylinux1_i686.manylinux_2_17_i686.manylinux2014_i686.whl", hash = "sha256:a621742da75ce272d64ea57bd7651ee2a115fa67c0f11d66d9dcfc18c2f1b106", size = 3362179 },
    { url = "https://files.pythonhosted.org/packages/19/e9/ed438b55f4baab15825bd81d5e75fbdf83cb7720966a7e53904624bf82f9/pydantic-1.10.21-cp39-cp39-musllinux_1_2_i686.whl", hash = "sha256:9e3e4000cd54ef455694b8be9111ea20f66a686fc155feda1ecacf2322b115da", size = 3519788 },
    { url = "https://files.pythonhosted.org/packages/d7/66/2264bd7d99bb7ed84979d5a5727503c4fff06079e957cf59f63a996e5d61/pydantic-1.10.21-cp39-cp39-musllinux_1_2_x86_64.whl", hash = "sha256:f198c8206640f4c0ef5a76b779241efb1380a300d88b1bce9bfe95a6362e674d", size = 3483010 },
    { url = "https://files.pythonhosted.org/packages/7c/6b/74c4cf6e122dbea75fd2f1ce8edc0f086a4062ac3701ef6816476bf1b163/pydantic-1.10.21-cp39-cp39-win_amd64.whl", hash = "sha256:e7f0cda108b36a30c8fc882e4fc5b7eec8ef584aa43aa43694c6a7b274fb2b56", size = 2299485 },
    { url = "https://files.pythonhosted.org/packages/2d/a8/3e34e7127203ac002e1a5eb45108ef523d9196f75468fde5fdbec7544201/pydantic-1.10.21-py3-none-any.whl", hash = "sha256:db70c920cba9d05c69ad4a9e7f8e9e83011abb2c6490e561de9ae24aee44925c", size = 166430 },
]

[[package]]
name = "sequentialthinking"
version = "0.1.0"
source = { editable = "." }
dependencies = [
    { name = "fastapi" },
    { name = "pychalk" },
    { name = "pydantic" },
    { name = "uvicorn" },
]

[package.metadata]
requires-dist = [
    { name = "fastapi", specifier = ">=0.95.1,<0.96.0" },
    { name = "pychalk", git = "https://github.com/anthonyalmarza/chalk.git?rev=0f562c4" },
    { name = "pydantic", specifier = ">=1.10.7,<2.0.0" },
    { name = "uvicorn", specifier = ">=0.22.0,<0.23.0" },
]

[[package]]
name = "six"
version = "1.17.0"
source = { registry = "https://pypi.org/simple" }
sdist = { url = "https://files.pythonhosted.org/packages/94/e7/b2c673351809dca68a0e064b6af791aa332cf192da575fd474ed7d6f16a2/six-1.17.0.tar.gz", hash = "sha256:ff70335d468e7eb6ec65b95b99d3a2836546063f63acc5171de367e834932a81", size = 34031 }
wheels = [
    { url = "https://files.pythonhosted.org/packages/b7/ce/149a00dd41f10bc29e5921b496af8b574d8413afcd5e30dfa0ed46c2cc5e/six-1.17.0-py2.py3-none-any.whl", hash = "sha256:4721f391ed90541fddacab5acf947aa0d3dc7d27b2e1e8eda2be8970586c3274", size = 11050 },
]

[[package]]
name = "sniffio"
version = "1.3.1"
source = { registry = "https://pypi.org/simple" }
sdist = { url = "https://files.pythonhosted.org/packages/a2/87/a6771e1546d97e7e041b6ae58d80074f81b7d5121207425c964ddf5cfdbd/sniffio-1.3.1.tar.gz", hash = "sha256:f4324edc670a0f49750a81b895f35c3adb843cca46f0530f79fc1babb23789dc", size = 20372 }
wheels = [
    { url = "https://files.pythonhosted.org/packages/e9/44/75a9c9421471a6c4805dbf2356f7c181a29c1879239abab1ea2cc8f38b40/sniffio-1.3.1-py3-none-any.whl", hash = "sha256:2f6da418d1f1e0fddd844478f41680e794e6051915791a034ff65e5f100525a2", size = 10235 },
]

[[package]]
name = "starlette"
version = "0.27.0"
source = { registry = "https://pypi.org/simple" }
dependencies = [
    { name = "anyio" },
    { name = "typing-extensions", marker = "python_full_version < '3.10'" },
]
sdist = { url = "https://files.pythonhosted.org/packages/06/68/559bed5484e746f1ab2ebbe22312f2c25ec62e4b534916d41a8c21147bf8/starlette-0.27.0.tar.gz", hash = "sha256:6a6b0d042acb8d469a01eba54e9cda6cbd24ac602c4cd016723117d6a7e73b75", size = 51394 }
wheels = [
    { url = "https://files.pythonhosted.org/packages/58/f8/e2cca22387965584a409795913b774235752be4176d276714e15e1a58884/starlette-0.27.0-py3-none-any.whl", hash = "sha256:918416370e846586541235ccd38a474c08b80443ed31c578a418e2209b3eef91", size = 66978 },
]

[[package]]
name = "typing-extensions"
version = "4.12.2"
source = { registry = "https://pypi.org/simple" }
sdist = { url = "https://files.pythonhosted.org/packages/df/db/f35a00659bc03fec321ba8bce9420de607a1d37f8342eee1863174c69557/typing_extensions-4.12.2.tar.gz", hash = "sha256:1a7ead55c7e559dd4dee8856e3a88b41225abfe1ce8df57b7c13915fe121ffb8", size = 85321 }
wheels = [
    { url = "https://files.pythonhosted.org/packages/26/9f/ad63fc0248c5379346306f8668cda6e2e2e9c95e01216d2b8ffd9ff037d0/typing_extensions-4.12.2-py3-none-any.whl", hash = "sha256:04e5ca0351e0f3f85c6853954072df659d0d13fac324d0072316b67d7794700d", size = 37438 },
]

[[package]]
name = "uvicorn"
version = "0.22.0"
source = { registry = "https://pypi.org/simple" }
dependencies = [
    { name = "click" },
    { name = "h11" },
]
sdist = { url = "https://files.pythonhosted.org/packages/c6/dd/0d3bab50ab4ef8bec849f89fec2adc2fabcc397018c30e57d9f0d4009c5e/uvicorn-0.22.0.tar.gz", hash = "sha256:79277ae03db57ce7d9aa0567830bbb51d7a612f54d6e1e3e92da3ef24c2c8ed8", size = 37688 }
wheels = [
    { url = "https://files.pythonhosted.org/packages/ad/bd/d47ee02312640fcf26c7e1c807402d5c5eab468571153a94ec8f7ada0e46/uvicorn-0.22.0-py3-none-any.whl", hash = "sha256:e9434d3bbf05f310e762147f769c9f21235ee118ba2d2bf1155a7196448bd996", size = 58345 },
]
